
Microsoft Visual Studio Solution File, Format Version 12.00
# Visual Studio Version 17
VisualStudioVersion = 17.5.33627.172
MinimumVisualStudioVersion = 10.0.40219.1
Project("{FAE04EC0-301F-11D3-BF4B-00C04F79EFBC}") = "ReturnVsBreakStatement", "ReturnVsBreakStatement\ReturnVsBreakStatement.csproj", "{89F6B69F-AE6C-412A-928A-9906EC0D210D}"
EndProject
Global
	GlobalSection(SolutionConfigurationPlatforms) = preSolution
		Debug|Any CPU = Debug|Any CPU
		Release|Any CPU = Release|Any CPU
	EndGlobalSection
	GlobalSection(ProjectConfigurationPlatforms) = postSolution
		{89F6B69F-AE6C-412A-928A-9906EC0D210D}.Debug|Any CPU.ActiveCfg = Debug|Any CPU
		{89F6B69F-AE6C-412A-928A-9906EC0D210D}.Debug|Any CPU.Build.0 = Debug|Any CPU
		{89F6B69F-AE6C-412A-928A-9906EC0D210D}.Release|Any CPU.ActiveCfg = Release|Any CPU
		{89F6B69F-AE6C-412A-928A-9906EC0D210D}.Release|Any CPU.Build.0 = Release|Any CPU
	EndGlobalSection
	GlobalSection(SolutionProperties) = preSolution
		HideSolutionNode = FALSE
	EndGlobalSection
	GlobalSection(ExtensibilityGlobals) = postSolution
		SolutionGuid = {32F3F9AE-E58F-4F05-B1EA-A090B4675A9B}
	EndGlobalSection
EndGlobal
